
Microsoft Visual Studio Solution File, Format Version 12.00
# Visual Studio 2013
VisualStudioVersion = 12.0.31101.0
MinimumVisualStudioVersion = 10.0.40219.1
Project("{FAE04EC0-301F-11D3-BF4B-00C04F79EFBC}") = "TokenAuthentication.WebApi", "TokenAuthentication.WebApi\TokenAuthentication.WebApi.csproj", "{8D2F3F90-575F-4C91-B9D0-8B2E5CAB07D1}"
EndProject
Project("{FAE04EC0-301F-11D3-BF4B-00C04F79EFBC}") = "TokenAuthentication.Service", "TokenAuthentication.Service\TokenAuthentication.Service.csproj", "{BD7A2D1F-0CC4-4244-B83E-5DE0ACA2C2EE}"
EndProject
Global
	GlobalSection(SolutionConfigurationPlatforms) = preSolution
		Debug|Any CPU = Debug|Any CPU
		Release|Any CPU = Release|Any CPU
	EndGlobalSection
	GlobalSection(ProjectConfigurationPlatforms) = postSolution
		{8D2F3F90-575F-4C91-B9D0-8B2E5CAB07D1}.Debug|Any CPU.ActiveCfg = Debug|Any CPU
		{8D2F3F90-575F-4C91-B9D0-8B2E5CAB07D1}.Debug|Any CPU.Build.0 = Debug|Any CPU
		{8D2F3F90-575F-4C91-B9D0-8B2E5CAB07D1}.Release|Any CPU.ActiveCfg = Release|Any CPU
		{8D2F3F90-575F-4C91-B9D0-8B2E5CAB07D1}.Release|Any CPU.Build.0 = Release|Any CPU
		{BD7A2D1F-0CC4-4244-B83E-5DE0ACA2C2EE}.Debug|Any CPU.ActiveCfg = Debug|Any CPU
		{BD7A2D1F-0CC4-4244-B83E-5DE0ACA2C2EE}.Debug|Any CPU.Build.0 = Debug|Any CPU
		{BD7A2D1F-0CC4-4244-B83E-5DE0ACA2C2EE}.Release|Any CPU.ActiveCfg = Release|Any CPU
		{BD7A2D1F-0CC4-4244-B83E-5DE0ACA2C2EE}.Release|Any CPU.Build.0 = Release|Any CPU
	EndGlobalSection
	GlobalSection(SolutionProperties) = preSolution
		HideSolutionNode = FALSE
	EndGlobalSection
EndGlobal
